lockfileVersion: '9.0'

settings:
  autoInstallPeers: true
  excludeLinksFromLockfile: false

importers:

  .:
    devDependencies:
      autoprefixer:
        specifier: ^10.4.23
        version: 10.4.23(postcss@8.5.6)
      postcss:
        specifier: ^8.5.6
        version: 8.5.6

packages:

  autoprefixer@10.4.23:
    resolution: {integrity: sha512-YYTXSFulfwytnjAPlw8QHncHJmlvFKtczb8InXaAx9Q0LbfDnfEYDE55omerIJKihhmU61Ft+cAOSzQVaBUmeA==}
    engines: {node: ^10 || ^12 || >=14}
    hasBin: true
    peerDependencies:
      postcss: ^8.1.0

  baseline-browser-mapping@2.9.18:
    resolution: {integrity: sha512-e23vBV1ZLfjb9apvfPk4rHVu2ry6RIr2Wfs+O324okSidrX7pTAnEJPCh/O5BtRlr7QtZI7ktOP3vsqr7Z5XoA==}
    hasBin: true

  browserslist@4.28.1:
    resolution: {integrity: sha512-ZC5Bd0LgJXgwGqUknZY/vkUQ04r8NXnJZ3yYi4vDmSiZmC/pdSN0NbNRPxZpbtO4uAfDUAFffO8IZoM3Gj8IkA==}
    engines: {node: ^6 || ^7 || ^8 || ^9 || ^10 || ^11 || ^12 || >=13.7}
    hasBin: true

  caniuse-lite@1.0.30001766:
    resolution: {integrity: sha512-4C0lfJ0/YPjJQHagaE9x2Elb69CIqEPZeG0anQt9SIvIoOH4a4uaRl73IavyO+0qZh6MDLH//DrXThEYKHkmYA==}

  electron-to-chromium@1.5.279:
    resolution: {integrity: sha512-0bblUU5UNdOt5G7XqGiJtpZMONma6WAfq9vsFmtn9x1+joAObr6x1chfqyxFSDCAFwFhCQDrqeAr6MYdpwJ9Hg==}

  escalade@3.2.0:
    resolution: {integrity: sha512-WUj2qlxaQtO4g6Pq5c29GTcWGDyd8itL8zTlipgECz3JesAiiOKotd8JU6otB3PACgG6xkJUyVhboMS+bje/jA==}
    engines: {node: '>=6'}

  fraction.js@5.3.4:
    resolution: {integrity: sha512-1X1NTtiJphryn/uLQz3whtY6jK3fTqoE3ohKs0tT+Ujr1W59oopxmoEh7Lu5p6vBaPbgoM0bzveAW4Qi5RyWDQ==}

  nanoid@3.3.11:
    resolution: {integrity: sha512-N8SpfPUnUp1bK+PMYW8qSWdl9U+wwNWI4QKxOYDy9JAro3WMX7p2OeVRF9v+347pnakNevPmiHhNmZ2HbFA76w==}
    engines: {node: ^10 || ^12 || ^13.7 || ^14 || >=15.0.1}
    hasBin: true

  node-releases@2.0.27:
    resolution: {integrity: sha512-nmh3lCkYZ3grZvqcCH+fjmQ7X+H0OeZgP40OierEaAptX4XofMh5kwNbWh7lBduUzCcV/8kZ+NDLCwm2iorIlA==}

  picocolors@1.1.1:
    resolution: {integrity: sha512-xceH2snhtb5M9liqDsmEw56le376mTZkEX/jEb/RxNFyegNul7eNslCXP9FDj/Lcu0X8KEyMceP2ntpaHrDEVA==}

  postcss-value-parser@4.2.0:
    resolution: {integrity: sha512-1NNCs6uurfkVbeXG4S8JFT9t19m45ICnif8zWLd5oPSZ50QnwMfK+H3jv408d4jw/7Bttv5axS5IiHoLaVNHeQ==}

  postcss@8.5.6:
    resolution: {integrity: sha512-3Ybi1tAuwAP9s0r1UQ2J4n5Y0G05bJkpUIO0/bI9MhwmD70S5aTWbXGBwxHrelT+XM1k6dM0pk+SwNkpTRN7Pg==}
    engines: {node: ^10 || ^12 || >=14}

  source-map-js@1.2.1:
    resolution: {integrity: sha512-UXWMKhLOwVKb728IUtQPXxfYU+usdybtUrK/8uGE8CQMvrhOpwvzDBwj0QhSL7MQc7vIsISBG8VQ8+IDQxpfQA==}
    engines: {node: '>=0.10.0'}

  update-browserslist-db@1.2.3:
    resolution: {integrity: sha512-Js0m9cx+qOgDxo0eMiFGEueWztz+d4+M3rGlmKPT+T4IS/jP4ylw3Nwpu6cpTTP8R1MAC1kF4VbdLt3ARf209w==}
    hasBin: true
    peerDependencies:
      browserslist: '>= 4.21.0'

snapshots:

  autoprefixer@10.4.23(postcss@8.5.6):
    dependencies:
      browserslist: 4.28.1
      caniuse-lite: 1.0.30001766
      fraction.js: 5.3.4
      picocolors: 1.1.1
      postcss: 8.5.6
      postcss-value-parser: 4.2.0

  baseline-browser-mapping@2.9.18: {}

  browserslist@4.28.1:
    dependencies:
      baseline-browser-mapping: 2.9.18
      caniuse-lite: 1.0.30001766
      electron-to-chromium: 1.5.279
      node-releases: 2.0.27
      update-browserslist-db: 1.2.3(browserslist@4.28.1)

  caniuse-lite@1.0.30001766: {}

  electron-to-chromium@1.5.279: {}

  escalade@3.2.0: {}

  fraction.js@5.3.4: {}

  nanoid@3.3.11: {}

  node-releases@2.0.27: {}

  picocolors@1.1.1: {}

  postcss-value-parser@4.2.0: {}

  postcss@8.5.6:
    dependencies:
      nanoid: 3.3.11
      picocolors: 1.1.1
      source-map-js: 1.2.1

  source-map-js@1.2.1: {}

  update-browserslist-db@1.2.3(browserslist@4.28.1):
    dependencies:
      browserslist: 4.28.1
      escalade: 3.2.0
      picocolors: 1.1.1
